Microsoft Visual Studio Solution File, Format Version 12.00
# Visual Studio Version 17
VisualStudioVersion = 17.5.2.0
MinimumVisualStudioVersion = 10.0.40219.1
Project("{FAE04EC0-301F-11D3-BF4B-00C04F79EFBC}") = "lang", "lang\lang.csproj", "{D991494C-26CD-28C6-871B-2EB95D4CEF4E}"
EndProject
Global
	GlobalSection(SolutionConfigurationPlatforms) = preSolution
		Debug|Any CPU = Debug|Any CPU
		Release|Any CPU = Release|Any CPU
	EndGlobalSection
	GlobalSection(ProjectConfigurationPlatforms) = postSolution
		{D991494C-26CD-28C6-871B-2EB95D4CEF4E}.Debug|Any CPU.ActiveCfg = Debug|Any CPU
		{D991494C-26CD-28C6-871B-2EB95D4CEF4E}.Debug|Any CPU.Build.0 = Debug|Any CPU
		{D991494C-26CD-28C6-871B-2EB95D4CEF4E}.Release|Any CPU.ActiveCfg = Release|Any CPU
		{D991494C-26CD-28C6-871B-2EB95D4CEF4E}.Release|Any CPU.Build.0 = Release|Any CPU
	EndGlobalSection
	GlobalSection(SolutionProperties) = preSolution
		HideSolutionNode = FALSE
	EndGlobalSection
	GlobalSection(ExtensibilityGlobals) = postSolution
		SolutionGuid = {436890EB-1174-4D81-B7D1-597FA1787901}
	EndGlobalSection
EndGlobal
